
Microsoft Visual Studio Solution File, Format Version 12.00
# Visual Studio Version 16
VisualStudioVersion = 16.0.30320.27
MinimumVisualStudioVersion = 10.0.40219.1
Project("{FAE04EC0-301F-11D3-BF4B-00C04F79EFBC}") = "BIT Web App", "BIT Web App.csproj", "{C2452259-244A-47ED-B2D1-779556361428}"
EndProject
Global
	GlobalSection(SolutionConfigurationPlatforms) = preSolution
		Debug|Any CPU = Debug|Any CPU
		Release|Any CPU = Release|Any CPU
	EndGlobalSection
	GlobalSection(ProjectConfigurationPlatforms) = postSolution
		{C2452259-244A-47ED-B2D1-779556361428}.Debug|Any CPU.ActiveCfg = Debug|Any CPU
		{C2452259-244A-47ED-B2D1-779556361428}.Debug|Any CPU.Build.0 = Debug|Any CPU
		{C2452259-244A-47ED-B2D1-779556361428}.Release|Any CPU.ActiveCfg = Release|Any CPU
		{C2452259-244A-47ED-B2D1-779556361428}.Release|Any CPU.Build.0 = Release|Any CPU
	EndGlobalSection
	GlobalSection(SolutionProperties) = preSolution
		HideSolutionNode = FALSE
	EndGlobalSection
	GlobalSection(ExtensibilityGlobals) = postSolution
		SolutionGuid = {4A15334C-9792-41BA-A3F2-FAF1C7B27CB0}
	EndGlobalSection
EndGlobal
